
Microsoft Visual Studio Solution File, Format Version 12.00
# Visual Studio Version 17
VisualStudioVersion = 17.0.32014.148
MinimumVisualStudioVersion = 10.0.40219.1
Project("{C7167F0D-BC9F-4E6E-AFE1-012C56B48DB5}") = "Installer", "Installer\Installer.wapproj", "{349F615B-B9A9-41F9-9C60-96D761C1AB77}"
EndProject
Project("{2150E333-8FDC-42A3-9474-1A3956D46DE8}") = "Solution Items", "Solution Items", "{9CF15528-C588-43AA-9578-B9B669EF9667}"
	ProjectSection(SolutionItems) = preProject
		LICENSE = LICENSE
		readme.md = readme.md
	EndProjectSection
EndProject
Project("{9A19103F-16F7-4668-BE54-9A1E7A4F7556}") = "VncSharpCore", "VncSharpCore\VncSharpCore\VncSharpCore.csproj", "{BD2E9906-9FDA-4BD9-B1CD-FAD57ED6CB70}"
EndProject
Project("{2150E333-8FDC-42A3-9474-1A3956D46DE8}") = "Shawn.Utils", "Shawn.Utils", "{55E9247C-A0FD-44DC-A7C4-E1AFF04A3F49}"
EndProject
Project("{9A19103F-16F7-4668-BE54-9A1E7A4F7556}") = "Shawn.Utils", "Shawn.Utils\Shawn.Utils\Shawn.Utils.csproj", "{D50C87E7-EC1E-4968-899C-26A5543AE4CB}"
EndProject
Project("{9A19103F-16F7-4668-BE54-9A1E7A4F7556}") = "Shawn.Utils.Wpf", "Shawn.Utils\Shawn.Utils.Wpf\Shawn.Utils.Wpf.csproj", "{0CF000C2-D65D-4CB2-84FC-3687FC3A990B}"
EndProject
Project("{2150E333-8FDC-42A3-9474-1A3956D46DE8}") = "lib", "lib", "{578B7968-F6DF-4A2E-8D1B-C74726C54413}"
	ProjectSection(SolutionItems) = preProject
		lib\AxMSTSCLib.dll = lib\AxMSTSCLib.dll
		lib\MSTSCLib.dll = lib\MSTSCLib.dll
	EndProjectSection
EndProject
Project("{9A19103F-16F7-4668-BE54-9A1E7A4F7556}") = "Shawn.Utils.WpfResources", "Shawn.Utils\Shawn.Utils.WpfResources\Shawn.Utils.WpfResources.csproj", "{EFCF9D57-12F3-4860-B902-7361BE62272C}"
EndProject
Project("{9A19103F-16F7-4668-BE54-9A1E7A4F7556}") = "Ui", "Ui\Ui.csproj", "{800C1D39-9E9D-4273-B6E4-E9BD8F2B7D04}"
EndProject
Global
	GlobalSection(SolutionConfigurationPlatforms) = preSolution
		Debug|Any CPU = Debug|Any CPU
		Debug|x64 = Debug|x64
		Debug|x86 = Debug|x86
		Release|Any CPU = Release|Any CPU
		Release|x64 = Release|x64
		Release|x86 = Release|x86
		ReleaseNet48|Any CPU = ReleaseNet48|Any CPU
		ReleaseNet48|x64 = ReleaseNet48|x64
		ReleaseNet48|x86 = ReleaseNet48|x86
		StoreDebug|Any CPU = StoreDebug|Any CPU
		StoreDebug|x64 = StoreDebug|x64
		StoreDebug|x86 = StoreDebug|x86
		StoreRelease|Any CPU = StoreRelease|Any CPU
		StoreRelease|x64 = StoreRelease|x64
		StoreRelease|x86 = StoreRelease|x86
	EndGlobalSection
	GlobalSection(ProjectConfigurationPlatforms) = postSolution
		{349F615B-B9A9-41F9-9C60-96D761C1AB77}.Debug|Any CPU.ActiveCfg = StoreDebug|Any CPU
		{349F615B-B9A9-41F9-9C60-96D761C1AB77}.Debug|x64.ActiveCfg = StoreDebug|Any CPU
		{349F615B-B9A9-41F9-9C60-96D761C1AB77}.Debug|x64.Build.0 = StoreDebug|Any CPU
		{349F615B-B9A9-41F9-9C60-96D761C1AB77}.Debug|x64.Deploy.0 = StoreDebug|Any CPU
		{349F615B-B9A9-41F9-9C60-96D761C1AB77}.Debug|x86.ActiveCfg = StoreDebug|Any CPU
		{349F615B-B9A9-41F9-9C60-96D761C1AB77}.Debug|x86.Build.0 = StoreDebug|Any CPU
		{349F615B-B9A9-41F9-9C60-96D761C1AB77}.Debug|x86.Deploy.0 = StoreDebug|Any CPU
		{349F615B-B9A9-41F9-9C60-96D761C1AB77}.Release|Any CPU.ActiveCfg = StoreRelease|Any CPU
		{349F615B-B9A9-41F9-9C60-96D761C1AB77}.Release|x64.ActiveCfg = StoreRelease|x64
		{349F615B-B9A9-41F9-9C60-96D761C1AB77}.Release|x64.Build.0 = StoreRelease|x64
		{349F615B-B9A9-41F9-9C60-96D761C1AB77}.Release|x64.Deploy.0 = StoreRelease|x64
		{349F615B-B9A9-41F9-9C60-96D761C1AB77}.Release|x86.ActiveCfg = StoreRelease|Any CPU
		{349F615B-B9A9-41F9-9C60-96D761C1AB77}.Release|x86.Build.0 = StoreRelease|Any CPU
		{349F615B-B9A9-41F9-9C60-96D761C1AB77}.Release|x86.Deploy.0 = StoreRelease|Any CPU
		{349F615B-B9A9-41F9-9C60-96D761C1AB77}.ReleaseNet48|Any CPU.ActiveCfg = StoreRelease|Any CPU
		{349F615B-B9A9-41F9-9C60-96D761C1AB77}.ReleaseNet48|x64.ActiveCfg = StoreRelease|x64
		{349F615B-B9A9-41F9-9C60-96D761C1AB77}.ReleaseNet48|x64.Build.0 = StoreRelease|x64
		{349F615B-B9A9-41F9-9C60-96D761C1AB77}.ReleaseNet48|x64.Deploy.0 = StoreRelease|x64
		{349F615B-B9A9-41F9-9C60-96D761C1AB77}.ReleaseNet48|x86.ActiveCfg = StoreRelease|Any CPU
		{349F615B-B9A9-41F9-9C60-96D761C1AB77}.ReleaseNet48|x86.Build.0 = StoreRelease|Any CPU
		{349F615B-B9A9-41F9-9C60-96D761C1AB77}.ReleaseNet48|x86.Deploy.0 = StoreRelease|Any CPU
		{349F615B-B9A9-41F9-9C60-96D761C1AB77}.StoreDebug|Any CPU.ActiveCfg = StoreDebug|Any CPU
		{349F615B-B9A9-41F9-9C60-96D761C1AB77}.StoreDebug|Any CPU.Build.0 = StoreDebug|Any CPU
		{349F615B-B9A9-41F9-9C60-96D761C1AB77}.StoreDebug|Any CPU.Deploy.0 = StoreDebug|Any CPU
		{349F615B-B9A9-41F9-9C60-96D761C1AB77}.StoreDebug|x64.ActiveCfg = StoreDebug|x64
		{349F615B-B9A9-41F9-9C60-96D761C1AB77}.StoreDebug|x64.Build.0 = StoreDebug|x64
		{349F615B-B9A9-41F9-9C60-96D761C1AB77}.StoreDebug|x64.Deploy.0 = StoreDebug|x64
		{349F615B-B9A9-41F9-9C60-96D761C1AB77}.StoreDebug|x86.ActiveCfg = StoreDebug|x86
		{349F615B-B9A9-41F9-9C60-96D761C1AB77}.StoreDebug|x86.Build.0 = StoreDebug|x86
		{349F615B-B9A9-41F9-9C60-96D761C1AB77}.StoreDebug|x86.Deploy.0 = StoreDebug|x86
		{349F615B-B9A9-41F9-9C60-96D761C1AB77}.StoreRelease|Any CPU.ActiveCfg = StoreRelease|Any CPU
		{349F615B-B9A9-41F9-9C60-96D761C1AB77}.StoreRelease|Any CPU.Build.0 = StoreRelease|Any CPU
		{349F615B-B9A9-41F9-9C60-96D761C1AB77}.StoreRelease|Any CPU.Deploy.0 = StoreRelease|Any CPU
		{349F615B-B9A9-41F9-9C60-96D761C1AB77}.StoreRelease|x64.ActiveCfg = StoreRelease|Any CPU
		{349F615B-B9A9-41F9-9C60-96D761C1AB77}.StoreRelease|x64.Build.0 = StoreRelease|Any CPU
		{349F615B-B9A9-41F9-9C60-96D761C1AB77}.StoreRelease|x86.ActiveCfg = StoreRelease|Any CPU
		{349F615B-B9A9-41F9-9C60-96D761C1AB77}.StoreRelease|x86.Build.0 = StoreRelease|Any CPU
		{349F615B-B9A9-41F9-9C60-96D761C1AB77}.StoreRelease|x86.Deploy.0 = StoreRelease|Any CPU
		{BD2E9906-9FDA-4BD9-B1CD-FAD57ED6CB70}.Debug|Any CPU.ActiveCfg = Debug|Any CPU
		{BD2E9906-9FDA-4BD9-B1CD-FAD57ED6CB70}.Debug|Any CPU.Build.0 = Debug|Any CPU
		{BD2E9906-9FDA-4BD9-B1CD-FAD57ED6CB70}.Debug|x64.ActiveCfg = Debug|Any CPU
		{BD2E9906-9FDA-4BD9-B1CD-FAD57ED6CB70}.Debug|x64.Build.0 = Debug|Any CPU
		{BD2E9906-9FDA-4BD9-B1CD-FAD57ED6CB70}.Debug|x86.ActiveCfg = Debug|Any CPU
		{BD2E9906-9FDA-4BD9-B1CD-FAD57ED6CB70}.Debug|x86.Build.0 = Debug|Any CPU
		{BD2E9906-9FDA-4BD9-B1CD-FAD57ED6CB70}.Release|Any CPU.ActiveCfg = Release|Any CPU
		{BD2E9906-9FDA-4BD9-B1CD-FAD57ED6CB70}.Release|Any CPU.Build.0 = Release|Any CPU
		{BD2E9906-9FDA-4BD9-B1CD-FAD57ED6CB70}.Release|x64.ActiveCfg = Release|Any CPU
		{BD2E9906-9FDA-4BD9-B1CD-FAD57ED6CB70}.Release|x64.Build.0 = Release|Any CPU
		{BD2E9906-9FDA-4BD9-B1CD-FAD57ED6CB70}.Release|x86.ActiveCfg = Release|Any CPU
		{BD2E9906-9FDA-4BD9-B1CD-FAD57ED6CB70}.Release|x86.Build.0 = Release|Any CPU
		{BD2E9906-9FDA-4BD9-B1CD-FAD57ED6CB70}.ReleaseNet48|Any CPU.ActiveCfg = Release|Any CPU
		{BD2E9906-9FDA-4BD9-B1CD-FAD57ED6CB70}.ReleaseNet48|Any CPU.Build.0 = Release|Any CPU
		{BD2E9906-9FDA-4BD9-B1CD-FAD57ED6CB70}.ReleaseNet48|x64.ActiveCfg = Release|Any CPU
		{BD2E9906-9FDA-4BD9-B1CD-FAD57ED6CB70}.ReleaseNet48|x64.Build.0 = Release|Any CPU
		{BD2E9906-9FDA-4BD9-B1CD-FAD57ED6CB70}.ReleaseNet48|x86.ActiveCfg = Release|Any CPU
		{BD2E9906-9FDA-4BD9-B1CD-FAD57ED6CB70}.ReleaseNet48|x86.Build.0 = Release|Any CPU
		{BD2E9906-9FDA-4BD9-B1CD-FAD57ED6CB70}.StoreDebug|Any CPU.ActiveCfg = Debug|Any CPU
		{BD2E9906-9FDA-4BD9-B1CD-FAD57ED6CB70}.StoreDebug|Any CPU.Build.0 = Debug|Any CPU
		{BD2E9906-9FDA-4BD9-B1CD-FAD57ED6CB70}.StoreDebug|x64.ActiveCfg = Debug|Any CPU
		{BD2E9906-9FDA-4BD9-B1CD-FAD57ED6CB70}.StoreDebug|x64.Build.0 = Debug|Any CPU
		{BD2E9906-9FDA-4BD9-B1CD-FAD57ED6CB70}.StoreDebug|x86.ActiveCfg = Debug|Any CPU
		{BD2E9906-9FDA-4BD9-B1CD-FAD57ED6CB70}.StoreDebug|x86.Build.0 = Debug|Any CPU
		{BD2E9906-9FDA-4BD9-B1CD-FAD57ED6CB70}.StoreRelease|Any CPU.ActiveCfg = Release|Any CPU
		{BD2E9906-9FDA-4BD9-B1CD-FAD57ED6CB70}.StoreRelease|Any CPU.Build.0 = Release|Any CPU
		{BD2E9906-9FDA-4BD9-B1CD-FAD57ED6CB70}.StoreRelease|x64.ActiveCfg = Release|Any CPU
		{BD2E9906-9FDA-4BD9-B1CD-FAD57ED6CB70}.StoreRelease|x64.Build.0 = Release|Any CPU
		{BD2E9906-9FDA-4BD9-B1CD-FAD57ED6CB70}.StoreRelease|x86.ActiveCfg = Release|Any CPU
		{BD2E9906-9FDA-4BD9-B1CD-FAD57ED6CB70}.StoreRelease|x86.Build.0 = Release|Any CPU
		{D50C87E7-EC1E-4968-899C-26A5543AE4CB}.Debug|Any CPU.ActiveCfg = Debug|Any CPU
		{D50C87E7-EC1E-4968-899C-26A5543AE4CB}.Debug|Any CPU.Build.0 = Debug|Any CPU
		{D50C87E7-EC1E-4968-899C-26A5543AE4CB}.Debug|x64.ActiveCfg = Debug|Any CPU
		{D50C87E7-EC1E-4968-899C-26A5543AE4CB}.Debug|x64.Build.0 = Debug|Any CPU
		{D50C87E7-EC1E-4968-899C-26A5543AE4CB}.Debug|x86.ActiveCfg = Debug|Any CPU
		{D50C87E7-EC1E-4968-899C-26A5543AE4CB}.Debug|x86.Build.0 = Debug|Any CPU
		{D50C87E7-EC1E-4968-899C-26A5543AE4CB}.Release|Any CPU.ActiveCfg = Release|Any CPU
		{D50C87E7-EC1E-4968-899C-26A5543AE4CB}.Release|Any CPU.Build.0 = Release|Any CPU
		{D50C87E7-EC1E-4968-899C-26A5543AE4CB}.Release|x64.ActiveCfg = Release|Any CPU
		{D50C87E7-EC1E-4968-899C-26A5543AE4CB}.Release|x64.Build.0 = Release|Any CPU
		{D50C87E7-EC1E-4968-899C-26A5543AE4CB}.Release|x86.ActiveCfg = Release|Any CPU
		{D50C87E7-EC1E-4968-899C-26A5543AE4CB}.Release|x86.Build.0 = Release|Any CPU
		{D50C87E7-EC1E-4968-899C-26A5543AE4CB}.ReleaseNet48|Any CPU.ActiveCfg = Release|Any CPU
		{D50C87E7-EC1E-4968-899C-26A5543AE4CB}.ReleaseNet48|Any CPU.Build.0 = Release|Any CPU
		{D50C87E7-EC1E-4968-899C-26A5543AE4CB}.ReleaseNet48|x64.ActiveCfg = Release|Any CPU
		{D50C87E7-EC1E-4968-899C-26A5543AE4CB}.ReleaseNet48|x64.Build.0 = Release|Any CPU
		{D50C87E7-EC1E-4968-899C-26A5543AE4CB}.ReleaseNet48|x86.ActiveCfg = Release|Any CPU
		{D50C87E7-EC1E-4968-899C-26A5543AE4CB}.ReleaseNet48|x86.Build.0 = Release|Any CPU
		{D50C87E7-EC1E-4968-899C-26A5543AE4CB}.StoreDebug|Any CPU.ActiveCfg = Debug|Any CPU
		{D50C87E7-EC1E-4968-899C-26A5543AE4CB}.StoreDebug|Any CPU.Build.0 = Debug|Any CPU
		{D50C87E7-EC1E-4968-899C-26A5543AE4CB}.StoreDebug|x64.ActiveCfg = Debug|Any CPU
		{D50C87E7-EC1E-4968-899C-26A5543AE4CB}.StoreDebug|x64.Build.0 = Debug|Any CPU
		{D50C87E7-EC1E-4968-899C-26A5543AE4CB}.StoreDebug|x86.ActiveCfg = Debug|Any CPU
		{D50C87E7-EC1E-4968-899C-26A5543AE4CB}.StoreDebug|x86.Build.0 = Debug|Any CPU
		{D50C87E7-EC1E-4968-899C-26A5543AE4CB}.StoreRelease|Any CPU.ActiveCfg = Release|Any CPU
		{D50C87E7-EC1E-4968-899C-26A5543AE4CB}.StoreRelease|Any CPU.Build.0 = Release|Any CPU
		{D50C87E7-EC1E-4968-899C-26A5543AE4CB}.StoreRelease|x64.ActiveCfg = Release|Any CPU
		{D50C87E7-EC1E-4968-899C-26A5543AE4CB}.StoreRelease|x64.Build.0 = Release|Any CPU
		{D50C87E7-EC1E-4968-899C-26A5543AE4CB}.StoreRelease|x86.ActiveCfg = Release|Any CPU
		{D50C87E7-EC1E-4968-899C-26A5543AE4CB}.StoreRelease|x86.Build.0 = Release|Any CPU
		{0CF000C2-D65D-4CB2-84FC-3687FC3A990B}.Debug|Any CPU.ActiveCfg = Debug|Any CPU
		{0CF000C2-D65D-4CB2-84FC-3687FC3A990B}.Debug|Any CPU.Build.0 = Debug|Any CPU
		{0CF000C2-D65D-4CB2-84FC-3687FC3A990B}.Debug|x64.ActiveCfg = Debug|Any CPU
		{0CF000C2-D65D-4CB2-84FC-3687FC3A990B}.Debug|x64.Build.0 = Debug|Any CPU
		{0CF000C2-D65D-4CB2-84FC-3687FC3A990B}.Debug|x86.ActiveCfg = Debug|Any CPU
		{0CF000C2-D65D-4CB2-84FC-3687FC3A990B}.Debug|x86.Build.0 = Debug|Any CPU
		{0CF000C2-D65D-4CB2-84FC-3687FC3A990B}.Release|Any CPU.ActiveCfg = Release|Any CPU
		{0CF000C2-D65D-4CB2-84FC-3687FC3A990B}.Release|Any CPU.Build.0 = Release|Any CPU
		{0CF000C2-D65D-4CB2-84FC-3687FC3A990B}.Release|x64.ActiveCfg = Release|Any CPU
		{0CF000C2-D65D-4CB2-84FC-3687FC3A990B}.Release|x64.Build.0 = Release|Any CPU
		{0CF000C2-D65D-4CB2-84FC-3687FC3A990B}.Release|x86.ActiveCfg = Release|Any CPU
		{0CF000C2-D65D-4CB2-84FC-3687FC3A990B}.Release|x86.Build.0 = Release|Any CPU
		{0CF000C2-D65D-4CB2-84FC-3687FC3A990B}.ReleaseNet48|Any CPU.ActiveCfg = Release|Any CPU
		{0CF000C2-D65D-4CB2-84FC-3687FC3A990B}.ReleaseNet48|Any CPU.Build.0 = Release|Any CPU
		{0CF000C2-D65D-4CB2-84FC-3687FC3A990B}.ReleaseNet48|x64.ActiveCfg = Release|Any CPU
		{0CF000C2-D65D-4CB2-84FC-3687FC3A990B}.ReleaseNet48|x64.Build.0 = Release|Any CPU
		{0CF000C2-D65D-4CB2-84FC-3687FC3A990B}.ReleaseNet48|x86.ActiveCfg = Release|Any CPU
		{0CF000C2-D65D-4CB2-84FC-3687FC3A990B}.ReleaseNet48|x86.Build.0 = Release|Any CPU
		{0CF000C2-D65D-4CB2-84FC-3687FC3A990B}.StoreDebug|Any CPU.ActiveCfg = Debug|Any CPU
		{0CF000C2-D65D-4CB2-84FC-3687FC3A990B}.StoreDebug|Any CPU.Build.0 = Debug|Any CPU
		{0CF000C2-D65D-4CB2-84FC-3687FC3A990B}.StoreDebug|x64.ActiveCfg = Debug|Any CPU
		{0CF000C2-D65D-4CB2-84FC-3687FC3A990B}.StoreDebug|x64.Build.0 = Debug|Any CPU
		{0CF000C2-D65D-4CB2-84FC-3687FC3A990B}.StoreDebug|x86.ActiveCfg = Debug|Any CPU
		{0CF000C2-D65D-4CB2-84FC-3687FC3A990B}.StoreDebug|x86.Build.0 = Debug|Any CPU
		{0CF000C2-D65D-4CB2-84FC-3687FC3A990B}.StoreRelease|Any CPU.ActiveCfg = Release|Any CPU
		{0CF000C2-D65D-4CB2-84FC-3687FC3A990B}.StoreRelease|Any CPU.Build.0 = Release|Any CPU
		{0CF000C2-D65D-4CB2-84FC-3687FC3A990B}.StoreRelease|x64.ActiveCfg = Release|Any CPU
		{0CF000C2-D65D-4CB2-84FC-3687FC3A990B}.StoreRelease|x64.Build.0 = Release|Any CPU
		{0CF000C2-D65D-4CB2-84FC-3687FC3A990B}.StoreRelease|x86.ActiveCfg = Release|Any CPU
		{0CF000C2-D65D-4CB2-84FC-3687FC3A990B}.StoreRelease|x86.Build.0 = Release|Any CPU
		{EFCF9D57-12F3-4860-B902-7361BE62272C}.Debug|Any CPU.ActiveCfg = Debug|Any CPU
		{EFCF9D57-12F3-4860-B902-7361BE62272C}.Debug|Any CPU.Build.0 = Debug|Any CPU
		{EFCF9D57-12F3-4860-B902-7361BE62272C}.Debug|x64.ActiveCfg = Debug|Any CPU
		{EFCF9D57-12F3-4860-B902-7361BE62272C}.Debug|x64.Build.0 = Debug|Any CPU
		{EFCF9D57-12F3-4860-B902-7361BE62272C}.Debug|x86.ActiveCfg = Debug|Any CPU
		{EFCF9D57-12F3-4860-B902-7361BE62272C}.Debug|x86.Build.0 = Debug|Any CPU
		{EFCF9D57-12F3-4860-B902-7361BE62272C}.Release|Any CPU.ActiveCfg = Release|Any CPU
		{EFCF9D57-12F3-4860-B902-7361BE62272C}.Release|Any CPU.Build.0 = Release|Any CPU
		{EFCF9D57-12F3-4860-B902-7361BE62272C}.Release|x64.ActiveCfg = Release|Any CPU
		{EFCF9D57-12F3-4860-B902-7361BE62272C}.Release|x64.Build.0 = Release|Any CPU
		{EFCF9D57-12F3-4860-B902-7361BE62272C}.Release|x86.ActiveCfg = Release|Any CPU
		{EFCF9D57-12F3-4860-B902-7361BE62272C}.Release|x86.Build.0 = Release|Any CPU
		{EFCF9D57-12F3-4860-B902-7361BE62272C}.ReleaseNet48|Any CPU.ActiveCfg = Release|Any CPU
		{EFCF9D57-12F3-4860-B902-7361BE62272C}.ReleaseNet48|Any CPU.Build.0 = Release|Any CPU
		{EFCF9D57-12F3-4860-B902-7361BE62272C}.ReleaseNet48|x64.ActiveCfg = Release|Any CPU
		{EFCF9D57-12F3-4860-B902-7361BE62272C}.ReleaseNet48|x64.Build.0 = Release|Any CPU
		{EFCF9D57-12F3-4860-B902-7361BE62272C}.ReleaseNet48|x86.ActiveCfg = Release|Any CPU
		{EFCF9D57-12F3-4860-B902-7361BE62272C}.ReleaseNet48|x86.Build.0 = Release|Any CPU
		{EFCF9D57-12F3-4860-B902-7361BE62272C}.StoreDebug|Any CPU.ActiveCfg = Debug|Any CPU
		{EFCF9D57-12F3-4860-B902-7361BE62272C}.StoreDebug|Any CPU.Build.0 = Debug|Any CPU
		{EFCF9D57-12F3-4860-B902-7361BE62272C}.StoreDebug|x64.ActiveCfg = Debug|Any CPU
		{EFCF9D57-12F3-4860-B902-7361BE62272C}.StoreDebug|x64.Build.0 = Debug|Any CPU
		{EFCF9D57-12F3-4860-B902-7361BE62272C}.StoreDebug|x86.ActiveCfg = Debug|Any CPU
		{EFCF9D57-12F3-4860-B902-7361BE62272C}.StoreDebug|x86.Build.0 = Debug|Any CPU
		{EFCF9D57-12F3-4860-B902-7361BE62272C}.StoreRelease|Any CPU.ActiveCfg = Release|Any CPU
		{EFCF9D57-12F3-4860-B902-7361BE62272C}.StoreRelease|Any CPU.Build.0 = Release|Any CPU
		{EFCF9D57-12F3-4860-B902-7361BE62272C}.StoreRelease|x64.ActiveCfg = Release|Any CPU
		{EFCF9D57-12F3-4860-B902-7361BE62272C}.StoreRelease|x64.Build.0 = Release|Any CPU
		{EFCF9D57-12F3-4860-B902-7361BE62272C}.StoreRelease|x86.ActiveCfg = Release|Any CPU
		{EFCF9D57-12F3-4860-B902-7361BE62272C}.StoreRelease|x86.Build.0 = Release|Any CPU
		{800C1D39-9E9D-4273-B6E4-E9BD8F2B7D04}.Debug|Any CPU.ActiveCfg = Debug|Any CPU
		{800C1D39-9E9D-4273-B6E4-E9BD8F2B7D04}.Debug|Any CPU.Build.0 = Debug|Any CPU
		{800C1D39-9E9D-4273-B6E4-E9BD8F2B7D04}.Debug|x64.ActiveCfg = Debug|Any CPU
		{800C1D39-9E9D-4273-B6E4-E9BD8F2B7D04}.Debug|x64.Build.0 = Debug|Any CPU
		{800C1D39-9E9D-4273-B6E4-E9BD8F2B7D04}.Debug|x86.ActiveCfg = Debug|x86
		{800C1D39-9E9D-4273-B6E4-E9BD8F2B7D04}.Debug|x86.Build.0 = Debug|x86
		{800C1D39-9E9D-4273-B6E4-E9BD8F2B7D04}.Release|Any CPU.ActiveCfg = Release|Any CPU
		{800C1D39-9E9D-4273-B6E4-E9BD8F2B7D04}.Release|Any CPU.Build.0 = Release|Any CPU
		{800C1D39-9E9D-4273-B6E4-E9BD8F2B7D04}.Release|x64.ActiveCfg = Release|Any CPU
		{800C1D39-9E9D-4273-B6E4-E9BD8F2B7D04}.Release|x64.Build.0 = Release|Any CPU
		{800C1D39-9E9D-4273-B6E4-E9BD8F2B7D04}.Release|x86.ActiveCfg = Release|x86
		{800C1D39-9E9D-4273-B6E4-E9BD8F2B7D04}.Release|x86.Build.0 = Release|x86
		{800C1D39-9E9D-4273-B6E4-E9BD8F2B7D04}.ReleaseNet48|Any CPU.ActiveCfg = ReleaseNet48|Any CPU
		{800C1D39-9E9D-4273-B6E4-E9BD8F2B7D04}.ReleaseNet48|Any CPU.Build.0 = ReleaseNet48|Any CPU
		{800C1D39-9E9D-4273-B6E4-E9BD8F2B7D04}.ReleaseNet48|x64.ActiveCfg = Release|Any CPU
		{800C1D39-9E9D-4273-B6E4-E9BD8F2B7D04}.ReleaseNet48|x64.Build.0 = Release|Any CPU
		{800C1D39-9E9D-4273-B6E4-E9BD8F2B7D04}.ReleaseNet48|x86.ActiveCfg = Release|x86
		{800C1D39-9E9D-4273-B6E4-E9BD8F2B7D04}.ReleaseNet48|x86.Build.0 = Release|x86
		{800C1D39-9E9D-4273-B6E4-E9BD8F2B7D04}.StoreDebug|Any CPU.ActiveCfg = Debug|Any CPU
		{800C1D39-9E9D-4273-B6E4-E9BD8F2B7D04}.StoreDebug|Any CPU.Build.0 = Debug|Any CPU
		{800C1D39-9E9D-4273-B6E4-E9BD8F2B7D04}.StoreDebug|x64.ActiveCfg = Debug|Any CPU
		{800C1D39-9E9D-4273-B6E4-E9BD8F2B7D04}.StoreDebug|x64.Build.0 = Debug|Any CPU
		{800C1D39-9E9D-4273-B6E4-E9BD8F2B7D04}.StoreDebug|x86.ActiveCfg = Debug|Any CPU
		{800C1D39-9E9D-4273-B6E4-E9BD8F2B7D04}.StoreDebug|x86.Build.0 = Debug|Any CPU
		{800C1D39-9E9D-4273-B6E4-E9BD8F2B7D04}.StoreRelease|Any CPU.ActiveCfg = StoreRelease|x86
		{800C1D39-9E9D-4273-B6E4-E9BD8F2B7D04}.StoreRelease|Any CPU.Build.0 = StoreRelease|x86
		{800C1D39-9E9D-4273-B6E4-E9BD8F2B7D04}.StoreRelease|x64.ActiveCfg = StoreRelease|Any CPU
		{800C1D39-9E9D-4273-B6E4-E9BD8F2B7D04}.StoreRelease|x64.Build.0 = StoreRelease|Any CPU
		{800C1D39-9E9D-4273-B6E4-E9BD8F2B7D04}.StoreRelease|x86.ActiveCfg = StoreRelease|x86
		{800C1D39-9E9D-4273-B6E4-E9BD8F2B7D04}.StoreRelease|x86.Build.0 = StoreRelease|x86
	EndGlobalSection
	GlobalSection(SolutionProperties) = preSolution
		HideSolutionNode = FALSE
	EndGlobalSection
	GlobalSection(NestedProjects) = preSolution
		{D50C87E7-EC1E-4968-899C-26A5543AE4CB} = {55E9247C-A0FD-44DC-A7C4-E1AFF04A3F49}
		{0CF000C2-D65D-4CB2-84FC-3687FC3A990B} = {55E9247C-A0FD-44DC-A7C4-E1AFF04A3F49}
		{EFCF9D57-12F3-4860-B902-7361BE62272C} = {55E9247C-A0FD-44DC-A7C4-E1AFF04A3F49}
	EndGlobalSection
	GlobalSection(ExtensibilityGlobals) = postSolution
		SolutionGuid = {8E34700A-4573-46B7-9752-FEA8D0C12572}
	EndGlobalSection
EndGlobal
