
Microsoft Visual Studio Solution File, Format Version 12.00
# Visual Studio Version 17
VisualStudioVersion = 17.0.32014.148
MinimumVisualStudioVersion = 10.0.40219.1
Project("{FAE04EC0-301F-11D3-BF4B-00C04F79EFBC}") = "PRM.Core", "PRM.Core\PRM.Core.csproj", "{BB2390FE-00DC-4650-A856-DDB69FD92BBC}"
EndProject
Project("{FAE04EC0-301F-11D3-BF4B-00C04F79EFBC}") = "PRemoteM", "PRemoteM\PRemoteM.csproj", "{AF7B4735-78AB-41EB-A799-5BAB792B7E22}"
EndProject
Project("{C7167F0D-BC9F-4E6E-AFE1-012C56B48DB5}") = "Installer", "Installer\Installer.wapproj", "{349F615B-B9A9-41F9-9C60-96D761C1AB77}"
EndProject
Project("{2150E333-8FDC-42A3-9474-1A3956D46DE8}") = "Solution Items", "Solution Items", "{9CF15528-C588-43AA-9578-B9B669EF9667}"
	ProjectSection(SolutionItems) = preProject
		LICENSE = LICENSE
		readme.md = readme.md
	EndProjectSection
EndProject
Project("{FAE04EC0-301F-11D3-BF4B-00C04F79EFBC}") = "PRemoteM.Tests", "PRemoteM.Tests\PRemoteM.Tests.csproj", "{647E9D9C-D883-4BF7-870C-9A61C182BE08}"
EndProject
Global
	GlobalSection(SolutionConfigurationPlatforms) = preSolution
		D2Store|Any CPU = D2Store|Any CPU
		D2Store|ARM = D2Store|ARM
		D2Store|ARM64 = D2Store|ARM64
		D2Store|x64 = D2Store|x64
		D2Store|x86 = D2Store|x86
		D2Win32|Any CPU = D2Win32|Any CPU
		D2Win32|ARM = D2Win32|ARM
		D2Win32|ARM64 = D2Win32|ARM64
		D2Win32|x64 = D2Win32|x64
		D2Win32|x86 = D2Win32|x86
		R2Store|Any CPU = R2Store|Any CPU
		R2Store|ARM = R2Store|ARM
		R2Store|ARM64 = R2Store|ARM64
		R2Store|x64 = R2Store|x64
		R2Store|x86 = R2Store|x86
		R2Win32|Any CPU = R2Win32|Any CPU
		R2Win32|ARM = R2Win32|ARM
		R2Win32|ARM64 = R2Win32|ARM64
		R2Win32|x64 = R2Win32|x64
		R2Win32|x86 = R2Win32|x86
	EndGlobalSection
	GlobalSection(ProjectConfigurationPlatforms) = postSolution
		{BB2390FE-00DC-4650-A856-DDB69FD92BBC}.D2Store|Any CPU.ActiveCfg = D2Store|Any CPU
		{BB2390FE-00DC-4650-A856-DDB69FD92BBC}.D2Store|Any CPU.Build.0 = D2Store|Any CPU
		{BB2390FE-00DC-4650-A856-DDB69FD92BBC}.D2Store|ARM.ActiveCfg = D2Win32|Any CPU
		{BB2390FE-00DC-4650-A856-DDB69FD92BBC}.D2Store|ARM.Build.0 = D2Win32|Any CPU
		{BB2390FE-00DC-4650-A856-DDB69FD92BBC}.D2Store|ARM64.ActiveCfg = D2Win32|Any CPU
		{BB2390FE-00DC-4650-A856-DDB69FD92BBC}.D2Store|ARM64.Build.0 = D2Win32|Any CPU
		{BB2390FE-00DC-4650-A856-DDB69FD92BBC}.D2Store|x64.ActiveCfg = D2Win32|Any CPU
		{BB2390FE-00DC-4650-A856-DDB69FD92BBC}.D2Store|x64.Build.0 = D2Win32|Any CPU
		{BB2390FE-00DC-4650-A856-DDB69FD92BBC}.D2Store|x86.ActiveCfg = D2Win32|Any CPU
		{BB2390FE-00DC-4650-A856-DDB69FD92BBC}.D2Store|x86.Build.0 = D2Win32|Any CPU
		{BB2390FE-00DC-4650-A856-DDB69FD92BBC}.D2Win32|Any CPU.ActiveCfg = D2Win32|Any CPU
		{BB2390FE-00DC-4650-A856-DDB69FD92BBC}.D2Win32|Any CPU.Build.0 = D2Win32|Any CPU
		{BB2390FE-00DC-4650-A856-DDB69FD92BBC}.D2Win32|ARM.ActiveCfg = D2Win32|Any CPU
		{BB2390FE-00DC-4650-A856-DDB69FD92BBC}.D2Win32|ARM.Build.0 = D2Win32|Any CPU
		{BB2390FE-00DC-4650-A856-DDB69FD92BBC}.D2Win32|ARM64.ActiveCfg = D2Win32|Any CPU
		{BB2390FE-00DC-4650-A856-DDB69FD92BBC}.D2Win32|ARM64.Build.0 = D2Win32|Any CPU
		{BB2390FE-00DC-4650-A856-DDB69FD92BBC}.D2Win32|x64.ActiveCfg = D2Win32|Any CPU
		{BB2390FE-00DC-4650-A856-DDB69FD92BBC}.D2Win32|x64.Build.0 = D2Win32|Any CPU
		{BB2390FE-00DC-4650-A856-DDB69FD92BBC}.D2Win32|x86.ActiveCfg = D2Win32|Any CPU
		{BB2390FE-00DC-4650-A856-DDB69FD92BBC}.D2Win32|x86.Build.0 = D2Win32|Any CPU
		{BB2390FE-00DC-4650-A856-DDB69FD92BBC}.R2Store|Any CPU.ActiveCfg = R2Store|Any CPU
		{BB2390FE-00DC-4650-A856-DDB69FD92BBC}.R2Store|Any CPU.Build.0 = R2Store|Any CPU
		{BB2390FE-00DC-4650-A856-DDB69FD92BBC}.R2Store|ARM.ActiveCfg = R2Store|Any CPU
		{BB2390FE-00DC-4650-A856-DDB69FD92BBC}.R2Store|ARM.Build.0 = R2Store|Any CPU
		{BB2390FE-00DC-4650-A856-DDB69FD92BBC}.R2Store|ARM64.ActiveCfg = R2Store|Any CPU
		{BB2390FE-00DC-4650-A856-DDB69FD92BBC}.R2Store|ARM64.Build.0 = R2Store|Any CPU
		{BB2390FE-00DC-4650-A856-DDB69FD92BBC}.R2Store|x64.ActiveCfg = R2Store|Any CPU
		{BB2390FE-00DC-4650-A856-DDB69FD92BBC}.R2Store|x64.Build.0 = R2Store|Any CPU
		{BB2390FE-00DC-4650-A856-DDB69FD92BBC}.R2Store|x86.ActiveCfg = R2Store|Any CPU
		{BB2390FE-00DC-4650-A856-DDB69FD92BBC}.R2Store|x86.Build.0 = R2Store|Any CPU
		{BB2390FE-00DC-4650-A856-DDB69FD92BBC}.R2Win32|Any CPU.ActiveCfg = R2Win32|Any CPU
		{BB2390FE-00DC-4650-A856-DDB69FD92BBC}.R2Win32|Any CPU.Build.0 = R2Win32|Any CPU
		{BB2390FE-00DC-4650-A856-DDB69FD92BBC}.R2Win32|ARM.ActiveCfg = R2Win32|Any CPU
		{BB2390FE-00DC-4650-A856-DDB69FD92BBC}.R2Win32|ARM.Build.0 = R2Win32|Any CPU
		{BB2390FE-00DC-4650-A856-DDB69FD92BBC}.R2Win32|ARM64.ActiveCfg = R2Win32|Any CPU
		{BB2390FE-00DC-4650-A856-DDB69FD92BBC}.R2Win32|ARM64.Build.0 = R2Win32|Any CPU
		{BB2390FE-00DC-4650-A856-DDB69FD92BBC}.R2Win32|x64.ActiveCfg = R2Win32|Any CPU
		{BB2390FE-00DC-4650-A856-DDB69FD92BBC}.R2Win32|x64.Build.0 = R2Win32|Any CPU
		{BB2390FE-00DC-4650-A856-DDB69FD92BBC}.R2Win32|x86.ActiveCfg = R2Win32|Any CPU
		{BB2390FE-00DC-4650-A856-DDB69FD92BBC}.R2Win32|x86.Build.0 = R2Win32|Any CPU
		{AF7B4735-78AB-41EB-A799-5BAB792B7E22}.D2Store|Any CPU.ActiveCfg = D2Store|Any CPU
		{AF7B4735-78AB-41EB-A799-5BAB792B7E22}.D2Store|Any CPU.Build.0 = D2Store|Any CPU
		{AF7B4735-78AB-41EB-A799-5BAB792B7E22}.D2Store|ARM.ActiveCfg = D2Store|Any CPU
		{AF7B4735-78AB-41EB-A799-5BAB792B7E22}.D2Store|ARM.Build.0 = D2Store|Any CPU
		{AF7B4735-78AB-41EB-A799-5BAB792B7E22}.D2Store|ARM64.ActiveCfg = D2Store|Any CPU
		{AF7B4735-78AB-41EB-A799-5BAB792B7E22}.D2Store|ARM64.Build.0 = D2Store|Any CPU
		{AF7B4735-78AB-41EB-A799-5BAB792B7E22}.D2Store|x64.ActiveCfg = D2Store|Any CPU
		{AF7B4735-78AB-41EB-A799-5BAB792B7E22}.D2Store|x64.Build.0 = D2Store|Any CPU
		{AF7B4735-78AB-41EB-A799-5BAB792B7E22}.D2Store|x86.ActiveCfg = D2Store|Any CPU
		{AF7B4735-78AB-41EB-A799-5BAB792B7E22}.D2Store|x86.Build.0 = D2Store|Any CPU
		{AF7B4735-78AB-41EB-A799-5BAB792B7E22}.D2Win32|Any CPU.ActiveCfg = D2Win32|Any CPU
		{AF7B4735-78AB-41EB-A799-5BAB792B7E22}.D2Win32|Any CPU.Build.0 = D2Win32|Any CPU
		{AF7B4735-78AB-41EB-A799-5BAB792B7E22}.D2Win32|ARM.ActiveCfg = D2Win32|Any CPU
		{AF7B4735-78AB-41EB-A799-5BAB792B7E22}.D2Win32|ARM.Build.0 = D2Win32|Any CPU
		{AF7B4735-78AB-41EB-A799-5BAB792B7E22}.D2Win32|ARM64.ActiveCfg = D2Win32|Any CPU
		{AF7B4735-78AB-41EB-A799-5BAB792B7E22}.D2Win32|ARM64.Build.0 = D2Win32|Any CPU
		{AF7B4735-78AB-41EB-A799-5BAB792B7E22}.D2Win32|x64.ActiveCfg = D2Win32|Any CPU
		{AF7B4735-78AB-41EB-A799-5BAB792B7E22}.D2Win32|x64.Build.0 = D2Win32|Any CPU
		{AF7B4735-78AB-41EB-A799-5BAB792B7E22}.D2Win32|x86.ActiveCfg = D2Win32|Any CPU
		{AF7B4735-78AB-41EB-A799-5BAB792B7E22}.D2Win32|x86.Build.0 = D2Win32|Any CPU
		{AF7B4735-78AB-41EB-A799-5BAB792B7E22}.R2Store|Any CPU.ActiveCfg = R2Store|Any CPU
		{AF7B4735-78AB-41EB-A799-5BAB792B7E22}.R2Store|Any CPU.Build.0 = R2Store|Any CPU
		{AF7B4735-78AB-41EB-A799-5BAB792B7E22}.R2Store|ARM.ActiveCfg = R2Store|Any CPU
		{AF7B4735-78AB-41EB-A799-5BAB792B7E22}.R2Store|ARM.Build.0 = R2Store|Any CPU
		{AF7B4735-78AB-41EB-A799-5BAB792B7E22}.R2Store|ARM64.ActiveCfg = R2Store|Any CPU
		{AF7B4735-78AB-41EB-A799-5BAB792B7E22}.R2Store|ARM64.Build.0 = R2Store|Any CPU
		{AF7B4735-78AB-41EB-A799-5BAB792B7E22}.R2Store|x64.ActiveCfg = R2Store|Any CPU
		{AF7B4735-78AB-41EB-A799-5BAB792B7E22}.R2Store|x64.Build.0 = R2Store|Any CPU
		{AF7B4735-78AB-41EB-A799-5BAB792B7E22}.R2Store|x86.ActiveCfg = R2Store|Any CPU
		{AF7B4735-78AB-41EB-A799-5BAB792B7E22}.R2Store|x86.Build.0 = R2Store|Any CPU
		{AF7B4735-78AB-41EB-A799-5BAB792B7E22}.R2Win32|Any CPU.ActiveCfg = R2Win32|Any CPU
		{AF7B4735-78AB-41EB-A799-5BAB792B7E22}.R2Win32|Any CPU.Build.0 = R2Win32|Any CPU
		{AF7B4735-78AB-41EB-A799-5BAB792B7E22}.R2Win32|ARM.ActiveCfg = R2Win32|Any CPU
		{AF7B4735-78AB-41EB-A799-5BAB792B7E22}.R2Win32|ARM.Build.0 = R2Win32|Any CPU
		{AF7B4735-78AB-41EB-A799-5BAB792B7E22}.R2Win32|ARM64.ActiveCfg = R2Win32|Any CPU
		{AF7B4735-78AB-41EB-A799-5BAB792B7E22}.R2Win32|ARM64.Build.0 = R2Win32|Any CPU
		{AF7B4735-78AB-41EB-A799-5BAB792B7E22}.R2Win32|x64.ActiveCfg = R2Win32|Any CPU
		{AF7B4735-78AB-41EB-A799-5BAB792B7E22}.R2Win32|x64.Build.0 = R2Win32|Any CPU
		{AF7B4735-78AB-41EB-A799-5BAB792B7E22}.R2Win32|x86.ActiveCfg = R2Win32|Any CPU
		{AF7B4735-78AB-41EB-A799-5BAB792B7E22}.R2Win32|x86.Build.0 = R2Win32|Any CPU
		{349F615B-B9A9-41F9-9C60-96D761C1AB77}.D2Store|Any CPU.ActiveCfg = D2Store|Any CPU
		{349F615B-B9A9-41F9-9C60-96D761C1AB77}.D2Store|Any CPU.Build.0 = D2Store|Any CPU
		{349F615B-B9A9-41F9-9C60-96D761C1AB77}.D2Store|Any CPU.Deploy.0 = D2Store|Any CPU
		{349F615B-B9A9-41F9-9C60-96D761C1AB77}.D2Store|ARM.ActiveCfg = D2Store|ARM
		{349F615B-B9A9-41F9-9C60-96D761C1AB77}.D2Store|ARM.Build.0 = D2Store|ARM
		{349F615B-B9A9-41F9-9C60-96D761C1AB77}.D2Store|ARM.Deploy.0 = D2Store|ARM
		{349F615B-B9A9-41F9-9C60-96D761C1AB77}.D2Store|ARM64.ActiveCfg = D2Store|ARM64
		{349F615B-B9A9-41F9-9C60-96D761C1AB77}.D2Store|ARM64.Build.0 = D2Store|ARM64
		{349F615B-B9A9-41F9-9C60-96D761C1AB77}.D2Store|ARM64.Deploy.0 = D2Store|ARM64
		{349F615B-B9A9-41F9-9C60-96D761C1AB77}.D2Store|x64.ActiveCfg = D2Store|x64
		{349F615B-B9A9-41F9-9C60-96D761C1AB77}.D2Store|x64.Build.0 = D2Store|x64
		{349F615B-B9A9-41F9-9C60-96D761C1AB77}.D2Store|x64.Deploy.0 = D2Store|x64
		{349F615B-B9A9-41F9-9C60-96D761C1AB77}.D2Store|x86.ActiveCfg = D2Store|x86
		{349F615B-B9A9-41F9-9C60-96D761C1AB77}.D2Store|x86.Build.0 = D2Store|x86
		{349F615B-B9A9-41F9-9C60-96D761C1AB77}.D2Store|x86.Deploy.0 = D2Store|x86
		{349F615B-B9A9-41F9-9C60-96D761C1AB77}.D2Win32|Any CPU.ActiveCfg = D2Store|Any CPU
		{349F615B-B9A9-41F9-9C60-96D761C1AB77}.D2Win32|Any CPU.Build.0 = D2Store|Any CPU
		{349F615B-B9A9-41F9-9C60-96D761C1AB77}.D2Win32|Any CPU.Deploy.0 = D2Store|Any CPU
		{349F615B-B9A9-41F9-9C60-96D761C1AB77}.D2Win32|ARM.ActiveCfg = D2Store|ARM
		{349F615B-B9A9-41F9-9C60-96D761C1AB77}.D2Win32|ARM.Build.0 = D2Store|ARM
		{349F615B-B9A9-41F9-9C60-96D761C1AB77}.D2Win32|ARM.Deploy.0 = D2Store|ARM
		{349F615B-B9A9-41F9-9C60-96D761C1AB77}.D2Win32|ARM64.ActiveCfg = D2Store|ARM64
		{349F615B-B9A9-41F9-9C60-96D761C1AB77}.D2Win32|ARM64.Build.0 = D2Store|ARM64
		{349F615B-B9A9-41F9-9C60-96D761C1AB77}.D2Win32|ARM64.Deploy.0 = D2Store|ARM64
		{349F615B-B9A9-41F9-9C60-96D761C1AB77}.D2Win32|x64.ActiveCfg = D2Store|x64
		{349F615B-B9A9-41F9-9C60-96D761C1AB77}.D2Win32|x64.Build.0 = D2Store|x64
		{349F615B-B9A9-41F9-9C60-96D761C1AB77}.D2Win32|x64.Deploy.0 = D2Store|x64
		{349F615B-B9A9-41F9-9C60-96D761C1AB77}.D2Win32|x86.ActiveCfg = D2Store|x86
		{349F615B-B9A9-41F9-9C60-96D761C1AB77}.D2Win32|x86.Build.0 = D2Store|x86
		{349F615B-B9A9-41F9-9C60-96D761C1AB77}.D2Win32|x86.Deploy.0 = D2Store|x86
		{349F615B-B9A9-41F9-9C60-96D761C1AB77}.R2Store|Any CPU.ActiveCfg = R2Store|Any CPU
		{349F615B-B9A9-41F9-9C60-96D761C1AB77}.R2Store|Any CPU.Build.0 = R2Store|Any CPU
		{349F615B-B9A9-41F9-9C60-96D761C1AB77}.R2Store|Any CPU.Deploy.0 = R2Store|Any CPU
		{349F615B-B9A9-41F9-9C60-96D761C1AB77}.R2Store|ARM.ActiveCfg = R2Store|ARM
		{349F615B-B9A9-41F9-9C60-96D761C1AB77}.R2Store|ARM64.ActiveCfg = R2Store|ARM64
		{349F615B-B9A9-41F9-9C60-96D761C1AB77}.R2Store|x64.ActiveCfg = R2Store|x64
		{349F615B-B9A9-41F9-9C60-96D761C1AB77}.R2Store|x86.ActiveCfg = R2Store|x86
		{349F615B-B9A9-41F9-9C60-96D761C1AB77}.R2Win32|Any CPU.ActiveCfg = R2Store|Any CPU
		{349F615B-B9A9-41F9-9C60-96D761C1AB77}.R2Win32|ARM.ActiveCfg = R2Store|ARM
		{349F615B-B9A9-41F9-9C60-96D761C1AB77}.R2Win32|ARM.Build.0 = R2Store|ARM
		{349F615B-B9A9-41F9-9C60-96D761C1AB77}.R2Win32|ARM.Deploy.0 = R2Store|ARM
		{349F615B-B9A9-41F9-9C60-96D761C1AB77}.R2Win32|ARM64.ActiveCfg = R2Store|ARM64
		{349F615B-B9A9-41F9-9C60-96D761C1AB77}.R2Win32|ARM64.Build.0 = R2Store|ARM64
		{349F615B-B9A9-41F9-9C60-96D761C1AB77}.R2Win32|ARM64.Deploy.0 = R2Store|ARM64
		{349F615B-B9A9-41F9-9C60-96D761C1AB77}.R2Win32|x64.ActiveCfg = R2Store|x64
		{349F615B-B9A9-41F9-9C60-96D761C1AB77}.R2Win32|x64.Build.0 = R2Store|x64
		{349F615B-B9A9-41F9-9C60-96D761C1AB77}.R2Win32|x64.Deploy.0 = R2Store|x64
		{349F615B-B9A9-41F9-9C60-96D761C1AB77}.R2Win32|x86.ActiveCfg = R2Store|x86
		{349F615B-B9A9-41F9-9C60-96D761C1AB77}.R2Win32|x86.Build.0 = R2Store|x86
		{349F615B-B9A9-41F9-9C60-96D761C1AB77}.R2Win32|x86.Deploy.0 = R2Store|x86
		{647E9D9C-D883-4BF7-870C-9A61C182BE08}.D2Store|Any CPU.ActiveCfg = D2Win32|Any CPU
		{647E9D9C-D883-4BF7-870C-9A61C182BE08}.D2Store|ARM.ActiveCfg = D2Win32|Any CPU
		{647E9D9C-D883-4BF7-870C-9A61C182BE08}.D2Store|ARM.Build.0 = D2Win32|Any CPU
		{647E9D9C-D883-4BF7-870C-9A61C182BE08}.D2Store|ARM64.ActiveCfg = D2Win32|Any CPU
		{647E9D9C-D883-4BF7-870C-9A61C182BE08}.D2Store|ARM64.Build.0 = D2Win32|Any CPU
		{647E9D9C-D883-4BF7-870C-9A61C182BE08}.D2Store|x64.ActiveCfg = D2Win32|Any CPU
		{647E9D9C-D883-4BF7-870C-9A61C182BE08}.D2Store|x64.Build.0 = D2Win32|Any CPU
		{647E9D9C-D883-4BF7-870C-9A61C182BE08}.D2Store|x86.ActiveCfg = D2Win32|Any CPU
		{647E9D9C-D883-4BF7-870C-9A61C182BE08}.D2Store|x86.Build.0 = D2Win32|Any CPU
		{647E9D9C-D883-4BF7-870C-9A61C182BE08}.D2Win32|Any CPU.ActiveCfg = D2Win32|Any CPU
		{647E9D9C-D883-4BF7-870C-9A61C182BE08}.D2Win32|ARM.ActiveCfg = D2Win32|Any CPU
		{647E9D9C-D883-4BF7-870C-9A61C182BE08}.D2Win32|ARM.Build.0 = D2Win32|Any CPU
		{647E9D9C-D883-4BF7-870C-9A61C182BE08}.D2Win32|ARM64.ActiveCfg = D2Win32|Any CPU
		{647E9D9C-D883-4BF7-870C-9A61C182BE08}.D2Win32|ARM64.Build.0 = D2Win32|Any CPU
		{647E9D9C-D883-4BF7-870C-9A61C182BE08}.D2Win32|x64.ActiveCfg = D2Win32|Any CPU
		{647E9D9C-D883-4BF7-870C-9A61C182BE08}.D2Win32|x64.Build.0 = D2Win32|Any CPU
		{647E9D9C-D883-4BF7-870C-9A61C182BE08}.D2Win32|x86.ActiveCfg = D2Win32|Any CPU
		{647E9D9C-D883-4BF7-870C-9A61C182BE08}.D2Win32|x86.Build.0 = D2Win32|Any CPU
		{647E9D9C-D883-4BF7-870C-9A61C182BE08}.R2Store|Any CPU.ActiveCfg = R2Win32|Any CPU
		{647E9D9C-D883-4BF7-870C-9A61C182BE08}.R2Store|ARM.ActiveCfg = R2Win32|Any CPU
		{647E9D9C-D883-4BF7-870C-9A61C182BE08}.R2Store|ARM.Build.0 = R2Win32|Any CPU
		{647E9D9C-D883-4BF7-870C-9A61C182BE08}.R2Store|ARM64.ActiveCfg = R2Win32|Any CPU
		{647E9D9C-D883-4BF7-870C-9A61C182BE08}.R2Store|ARM64.Build.0 = R2Win32|Any CPU
		{647E9D9C-D883-4BF7-870C-9A61C182BE08}.R2Store|x64.ActiveCfg = R2Win32|Any CPU
		{647E9D9C-D883-4BF7-870C-9A61C182BE08}.R2Store|x64.Build.0 = R2Win32|Any CPU
		{647E9D9C-D883-4BF7-870C-9A61C182BE08}.R2Store|x86.ActiveCfg = R2Win32|Any CPU
		{647E9D9C-D883-4BF7-870C-9A61C182BE08}.R2Store|x86.Build.0 = R2Win32|Any CPU
		{647E9D9C-D883-4BF7-870C-9A61C182BE08}.R2Win32|Any CPU.ActiveCfg = R2Win32|Any CPU
		{647E9D9C-D883-4BF7-870C-9A61C182BE08}.R2Win32|ARM.ActiveCfg = R2Win32|Any CPU
		{647E9D9C-D883-4BF7-870C-9A61C182BE08}.R2Win32|ARM.Build.0 = R2Win32|Any CPU
		{647E9D9C-D883-4BF7-870C-9A61C182BE08}.R2Win32|ARM64.ActiveCfg = R2Win32|Any CPU
		{647E9D9C-D883-4BF7-870C-9A61C182BE08}.R2Win32|ARM64.Build.0 = R2Win32|Any CPU
		{647E9D9C-D883-4BF7-870C-9A61C182BE08}.R2Win32|x64.ActiveCfg = R2Win32|Any CPU
		{647E9D9C-D883-4BF7-870C-9A61C182BE08}.R2Win32|x64.Build.0 = R2Win32|Any CPU
		{647E9D9C-D883-4BF7-870C-9A61C182BE08}.R2Win32|x86.ActiveCfg = R2Win32|Any CPU
		{647E9D9C-D883-4BF7-870C-9A61C182BE08}.R2Win32|x86.Build.0 = R2Win32|Any CPU
	EndGlobalSection
	GlobalSection(SolutionProperties) = preSolution
		HideSolutionNode = FALSE
	EndGlobalSection
	GlobalSection(ExtensibilityGlobals) = postSolution
		SolutionGuid = {8E34700A-4573-46B7-9752-FEA8D0C12572}
	EndGlobalSection
EndGlobal
