
Microsoft Visual Studio Solution File, Format Version 12.00
# Visual Studio Version 17
VisualStudioVersion = 17.0.32014.148
MinimumVisualStudioVersion = 10.0.40219.1
Project("{FAE04EC0-301F-11D3-BF4B-00C04F79EFBC}") = "PRemoteM", "PRemoteM\PRemoteM.csproj", "{AF7B4735-78AB-41EB-A799-5BAB792B7E22}"
EndProject
Project("{C7167F0D-BC9F-4E6E-AFE1-012C56B48DB5}") = "Installer", "Installer\Installer.wapproj", "{349F615B-B9A9-41F9-9C60-96D761C1AB77}"
EndProject
Project("{2150E333-8FDC-42A3-9474-1A3956D46DE8}") = "Solution Items", "Solution Items", "{9CF15528-C588-43AA-9578-B9B669EF9667}"
	ProjectSection(SolutionItems) = preProject
		LICENSE = LICENSE
		readme.md = readme.md
	EndProjectSection
EndProject
Project("{FAE04EC0-301F-11D3-BF4B-00C04F79EFBC}") = "PRemoteM.Tests", "PRemoteM.Tests\PRemoteM.Tests.csproj", "{647E9D9C-D883-4BF7-870C-9A61C182BE08}"
EndProject
Project("{9A19103F-16F7-4668-BE54-9A1E7A4F7556}") = "VncSharpCore", "VncSharpCore\VncSharpCore\VncSharpCore.csproj", "{BD2E9906-9FDA-4BD9-B1CD-FAD57ED6CB70}"
EndProject
Project("{2150E333-8FDC-42A3-9474-1A3956D46DE8}") = "Shawn.Utils", "Shawn.Utils", "{55E9247C-A0FD-44DC-A7C4-E1AFF04A3F49}"
EndProject
Project("{9A19103F-16F7-4668-BE54-9A1E7A4F7556}") = "Shawn.Utils", "Shawn.Utils\Shawn.Utils\Shawn.Utils.csproj", "{D50C87E7-EC1E-4968-899C-26A5543AE4CB}"
EndProject
Project("{9A19103F-16F7-4668-BE54-9A1E7A4F7556}") = "Shawn.Utils.Wpf", "Shawn.Utils\Shawn.Utils.Wpf\Shawn.Utils.Wpf.csproj", "{0CF000C2-D65D-4CB2-84FC-3687FC3A990B}"
EndProject
Project("{2150E333-8FDC-42A3-9474-1A3956D46DE8}") = "lib", "lib", "{578B7968-F6DF-4A2E-8D1B-C74726C54413}"
	ProjectSection(SolutionItems) = preProject
		lib\AxMSTSCLib.dll = lib\AxMSTSCLib.dll
		lib\MSTSCLib.dll = lib\MSTSCLib.dll
	EndProjectSection
EndProject
Global
	GlobalSection(SolutionConfigurationPlatforms) = preSolution
		Debug|Any CPU = Debug|Any CPU
		Debug|ARM = Debug|ARM
		Debug|ARM64 = Debug|ARM64
		Debug|x64 = Debug|x64
		Debug|x86 = Debug|x86
		Release|Any CPU = Release|Any CPU
		Release|ARM = Release|ARM
		Release|ARM64 = Release|ARM64
		Release|x64 = Release|x64
		Release|x86 = Release|x86
		StoreDebug|Any CPU = StoreDebug|Any CPU
		StoreDebug|ARM = StoreDebug|ARM
		StoreDebug|ARM64 = StoreDebug|ARM64
		StoreDebug|x64 = StoreDebug|x64
		StoreDebug|x86 = StoreDebug|x86
		StoreRelease|Any CPU = StoreRelease|Any CPU
		StoreRelease|ARM = StoreRelease|ARM
		StoreRelease|ARM64 = StoreRelease|ARM64
		StoreRelease|x64 = StoreRelease|x64
		StoreRelease|x86 = StoreRelease|x86
	EndGlobalSection
	GlobalSection(ProjectConfigurationPlatforms) = postSolution
		{AF7B4735-78AB-41EB-A799-5BAB792B7E22}.Debug|Any CPU.ActiveCfg = Debug|Any CPU
		{AF7B4735-78AB-41EB-A799-5BAB792B7E22}.Debug|Any CPU.Build.0 = Debug|Any CPU
		{AF7B4735-78AB-41EB-A799-5BAB792B7E22}.Debug|ARM.ActiveCfg = Debug|Any CPU
		{AF7B4735-78AB-41EB-A799-5BAB792B7E22}.Debug|ARM.Build.0 = Debug|Any CPU
		{AF7B4735-78AB-41EB-A799-5BAB792B7E22}.Debug|ARM64.ActiveCfg = Debug|Any CPU
		{AF7B4735-78AB-41EB-A799-5BAB792B7E22}.Debug|ARM64.Build.0 = Debug|Any CPU
		{AF7B4735-78AB-41EB-A799-5BAB792B7E22}.Debug|x64.ActiveCfg = Debug|Any CPU
		{AF7B4735-78AB-41EB-A799-5BAB792B7E22}.Debug|x64.Build.0 = Debug|Any CPU
		{AF7B4735-78AB-41EB-A799-5BAB792B7E22}.Debug|x86.ActiveCfg = Debug|Any CPU
		{AF7B4735-78AB-41EB-A799-5BAB792B7E22}.Debug|x86.Build.0 = Debug|Any CPU
		{AF7B4735-78AB-41EB-A799-5BAB792B7E22}.Release|Any CPU.ActiveCfg = Release|Any CPU
		{AF7B4735-78AB-41EB-A799-5BAB792B7E22}.Release|Any CPU.Build.0 = Release|Any CPU
		{AF7B4735-78AB-41EB-A799-5BAB792B7E22}.Release|ARM.ActiveCfg = Release|Any CPU
		{AF7B4735-78AB-41EB-A799-5BAB792B7E22}.Release|ARM.Build.0 = Release|Any CPU
		{AF7B4735-78AB-41EB-A799-5BAB792B7E22}.Release|ARM64.ActiveCfg = Release|Any CPU
		{AF7B4735-78AB-41EB-A799-5BAB792B7E22}.Release|ARM64.Build.0 = Release|Any CPU
		{AF7B4735-78AB-41EB-A799-5BAB792B7E22}.Release|x64.ActiveCfg = Release|Any CPU
		{AF7B4735-78AB-41EB-A799-5BAB792B7E22}.Release|x64.Build.0 = Release|Any CPU
		{AF7B4735-78AB-41EB-A799-5BAB792B7E22}.Release|x86.ActiveCfg = Release|Any CPU
		{AF7B4735-78AB-41EB-A799-5BAB792B7E22}.Release|x86.Build.0 = Release|Any CPU
		{AF7B4735-78AB-41EB-A799-5BAB792B7E22}.StoreDebug|Any CPU.ActiveCfg = StoreDebug|Any CPU
		{AF7B4735-78AB-41EB-A799-5BAB792B7E22}.StoreDebug|Any CPU.Build.0 = StoreDebug|Any CPU
		{AF7B4735-78AB-41EB-A799-5BAB792B7E22}.StoreDebug|ARM.ActiveCfg = StoreDebug|Any CPU
		{AF7B4735-78AB-41EB-A799-5BAB792B7E22}.StoreDebug|ARM.Build.0 = StoreDebug|Any CPU
		{AF7B4735-78AB-41EB-A799-5BAB792B7E22}.StoreDebug|ARM64.ActiveCfg = StoreDebug|Any CPU
		{AF7B4735-78AB-41EB-A799-5BAB792B7E22}.StoreDebug|ARM64.Build.0 = StoreDebug|Any CPU
		{AF7B4735-78AB-41EB-A799-5BAB792B7E22}.StoreDebug|x64.ActiveCfg = StoreDebug|Any CPU
		{AF7B4735-78AB-41EB-A799-5BAB792B7E22}.StoreDebug|x64.Build.0 = StoreDebug|Any CPU
		{AF7B4735-78AB-41EB-A799-5BAB792B7E22}.StoreDebug|x86.ActiveCfg = StoreDebug|Any CPU
		{AF7B4735-78AB-41EB-A799-5BAB792B7E22}.StoreDebug|x86.Build.0 = StoreDebug|Any CPU
		{AF7B4735-78AB-41EB-A799-5BAB792B7E22}.StoreRelease|Any CPU.ActiveCfg = StoreRelease|Any CPU
		{AF7B4735-78AB-41EB-A799-5BAB792B7E22}.StoreRelease|Any CPU.Build.0 = StoreRelease|Any CPU
		{AF7B4735-78AB-41EB-A799-5BAB792B7E22}.StoreRelease|ARM.ActiveCfg = StoreRelease|Any CPU
		{AF7B4735-78AB-41EB-A799-5BAB792B7E22}.StoreRelease|ARM.Build.0 = StoreRelease|Any CPU
		{AF7B4735-78AB-41EB-A799-5BAB792B7E22}.StoreRelease|ARM64.ActiveCfg = StoreRelease|Any CPU
		{AF7B4735-78AB-41EB-A799-5BAB792B7E22}.StoreRelease|ARM64.Build.0 = StoreRelease|Any CPU
		{AF7B4735-78AB-41EB-A799-5BAB792B7E22}.StoreRelease|x64.ActiveCfg = StoreRelease|Any CPU
		{AF7B4735-78AB-41EB-A799-5BAB792B7E22}.StoreRelease|x64.Build.0 = StoreRelease|Any CPU
		{AF7B4735-78AB-41EB-A799-5BAB792B7E22}.StoreRelease|x86.ActiveCfg = StoreRelease|Any CPU
		{AF7B4735-78AB-41EB-A799-5BAB792B7E22}.StoreRelease|x86.Build.0 = StoreRelease|Any CPU
		{349F615B-B9A9-41F9-9C60-96D761C1AB77}.Debug|Any CPU.ActiveCfg = StoreDebug|Any CPU
		{349F615B-B9A9-41F9-9C60-96D761C1AB77}.Debug|ARM.ActiveCfg = StoreDebug|ARM
		{349F615B-B9A9-41F9-9C60-96D761C1AB77}.Debug|ARM.Build.0 = StoreDebug|ARM
		{349F615B-B9A9-41F9-9C60-96D761C1AB77}.Debug|ARM.Deploy.0 = StoreDebug|ARM
		{349F615B-B9A9-41F9-9C60-96D761C1AB77}.Debug|ARM64.ActiveCfg = StoreDebug|ARM64
		{349F615B-B9A9-41F9-9C60-96D761C1AB77}.Debug|ARM64.Build.0 = StoreDebug|ARM64
		{349F615B-B9A9-41F9-9C60-96D761C1AB77}.Debug|ARM64.Deploy.0 = StoreDebug|ARM64
		{349F615B-B9A9-41F9-9C60-96D761C1AB77}.Debug|x64.ActiveCfg = StoreDebug|x64
		{349F615B-B9A9-41F9-9C60-96D761C1AB77}.Debug|x64.Build.0 = StoreDebug|x64
		{349F615B-B9A9-41F9-9C60-96D761C1AB77}.Debug|x64.Deploy.0 = StoreDebug|x64
		{349F615B-B9A9-41F9-9C60-96D761C1AB77}.Debug|x86.ActiveCfg = StoreDebug|x86
		{349F615B-B9A9-41F9-9C60-96D761C1AB77}.Debug|x86.Build.0 = StoreDebug|x86
		{349F615B-B9A9-41F9-9C60-96D761C1AB77}.Debug|x86.Deploy.0 = StoreDebug|x86
		{349F615B-B9A9-41F9-9C60-96D761C1AB77}.Release|Any CPU.ActiveCfg = StoreRelease|Any CPU
		{349F615B-B9A9-41F9-9C60-96D761C1AB77}.Release|ARM.ActiveCfg = StoreRelease|ARM
		{349F615B-B9A9-41F9-9C60-96D761C1AB77}.Release|ARM.Build.0 = StoreRelease|ARM
		{349F615B-B9A9-41F9-9C60-96D761C1AB77}.Release|ARM.Deploy.0 = StoreRelease|ARM
		{349F615B-B9A9-41F9-9C60-96D761C1AB77}.Release|ARM64.ActiveCfg = StoreRelease|ARM64
		{349F615B-B9A9-41F9-9C60-96D761C1AB77}.Release|ARM64.Build.0 = StoreRelease|ARM64
		{349F615B-B9A9-41F9-9C60-96D761C1AB77}.Release|ARM64.Deploy.0 = StoreRelease|ARM64
		{349F615B-B9A9-41F9-9C60-96D761C1AB77}.Release|x64.ActiveCfg = StoreRelease|x64
		{349F615B-B9A9-41F9-9C60-96D761C1AB77}.Release|x64.Build.0 = StoreRelease|x64
		{349F615B-B9A9-41F9-9C60-96D761C1AB77}.Release|x64.Deploy.0 = StoreRelease|x64
		{349F615B-B9A9-41F9-9C60-96D761C1AB77}.Release|x86.ActiveCfg = StoreRelease|x86
		{349F615B-B9A9-41F9-9C60-96D761C1AB77}.Release|x86.Build.0 = StoreRelease|x86
		{349F615B-B9A9-41F9-9C60-96D761C1AB77}.Release|x86.Deploy.0 = StoreRelease|x86
		{349F615B-B9A9-41F9-9C60-96D761C1AB77}.StoreDebug|Any CPU.ActiveCfg = StoreDebug|Any CPU
		{349F615B-B9A9-41F9-9C60-96D761C1AB77}.StoreDebug|Any CPU.Build.0 = StoreDebug|Any CPU
		{349F615B-B9A9-41F9-9C60-96D761C1AB77}.StoreDebug|Any CPU.Deploy.0 = StoreDebug|Any CPU
		{349F615B-B9A9-41F9-9C60-96D761C1AB77}.StoreDebug|ARM.ActiveCfg = StoreDebug|ARM
		{349F615B-B9A9-41F9-9C60-96D761C1AB77}.StoreDebug|ARM.Build.0 = StoreDebug|ARM
		{349F615B-B9A9-41F9-9C60-96D761C1AB77}.StoreDebug|ARM.Deploy.0 = StoreDebug|ARM
		{349F615B-B9A9-41F9-9C60-96D761C1AB77}.StoreDebug|ARM64.ActiveCfg = StoreDebug|ARM64
		{349F615B-B9A9-41F9-9C60-96D761C1AB77}.StoreDebug|ARM64.Build.0 = StoreDebug|ARM64
		{349F615B-B9A9-41F9-9C60-96D761C1AB77}.StoreDebug|ARM64.Deploy.0 = StoreDebug|ARM64
		{349F615B-B9A9-41F9-9C60-96D761C1AB77}.StoreDebug|x64.ActiveCfg = StoreDebug|x64
		{349F615B-B9A9-41F9-9C60-96D761C1AB77}.StoreDebug|x64.Build.0 = StoreDebug|x64
		{349F615B-B9A9-41F9-9C60-96D761C1AB77}.StoreDebug|x64.Deploy.0 = StoreDebug|x64
		{349F615B-B9A9-41F9-9C60-96D761C1AB77}.StoreDebug|x86.ActiveCfg = StoreDebug|x86
		{349F615B-B9A9-41F9-9C60-96D761C1AB77}.StoreDebug|x86.Build.0 = StoreDebug|x86
		{349F615B-B9A9-41F9-9C60-96D761C1AB77}.StoreDebug|x86.Deploy.0 = StoreDebug|x86
		{349F615B-B9A9-41F9-9C60-96D761C1AB77}.StoreRelease|Any CPU.ActiveCfg = StoreRelease|Any CPU
		{349F615B-B9A9-41F9-9C60-96D761C1AB77}.StoreRelease|Any CPU.Build.0 = StoreRelease|Any CPU
		{349F615B-B9A9-41F9-9C60-96D761C1AB77}.StoreRelease|Any CPU.Deploy.0 = StoreRelease|Any CPU
		{349F615B-B9A9-41F9-9C60-96D761C1AB77}.StoreRelease|ARM.ActiveCfg = StoreRelease|ARM
		{349F615B-B9A9-41F9-9C60-96D761C1AB77}.StoreRelease|ARM64.ActiveCfg = StoreRelease|ARM64
		{349F615B-B9A9-41F9-9C60-96D761C1AB77}.StoreRelease|x64.ActiveCfg = StoreRelease|x64
		{349F615B-B9A9-41F9-9C60-96D761C1AB77}.StoreRelease|x86.ActiveCfg = StoreRelease|x86
		{647E9D9C-D883-4BF7-870C-9A61C182BE08}.Debug|Any CPU.ActiveCfg = Debug|Any CPU
		{647E9D9C-D883-4BF7-870C-9A61C182BE08}.Debug|ARM.ActiveCfg = Debug|Any CPU
		{647E9D9C-D883-4BF7-870C-9A61C182BE08}.Debug|ARM.Build.0 = Debug|Any CPU
		{647E9D9C-D883-4BF7-870C-9A61C182BE08}.Debug|ARM64.ActiveCfg = Debug|Any CPU
		{647E9D9C-D883-4BF7-870C-9A61C182BE08}.Debug|ARM64.Build.0 = Debug|Any CPU
		{647E9D9C-D883-4BF7-870C-9A61C182BE08}.Debug|x64.ActiveCfg = Debug|Any CPU
		{647E9D9C-D883-4BF7-870C-9A61C182BE08}.Debug|x64.Build.0 = Debug|Any CPU
		{647E9D9C-D883-4BF7-870C-9A61C182BE08}.Debug|x86.ActiveCfg = Debug|Any CPU
		{647E9D9C-D883-4BF7-870C-9A61C182BE08}.Debug|x86.Build.0 = Debug|Any CPU
		{647E9D9C-D883-4BF7-870C-9A61C182BE08}.Release|Any CPU.ActiveCfg = Release|Any CPU
		{647E9D9C-D883-4BF7-870C-9A61C182BE08}.Release|ARM.ActiveCfg = Release|Any CPU
		{647E9D9C-D883-4BF7-870C-9A61C182BE08}.Release|ARM.Build.0 = Release|Any CPU
		{647E9D9C-D883-4BF7-870C-9A61C182BE08}.Release|ARM64.ActiveCfg = Release|Any CPU
		{647E9D9C-D883-4BF7-870C-9A61C182BE08}.Release|ARM64.Build.0 = Release|Any CPU
		{647E9D9C-D883-4BF7-870C-9A61C182BE08}.Release|x64.ActiveCfg = Release|Any CPU
		{647E9D9C-D883-4BF7-870C-9A61C182BE08}.Release|x64.Build.0 = Release|Any CPU
		{647E9D9C-D883-4BF7-870C-9A61C182BE08}.Release|x86.ActiveCfg = Release|Any CPU
		{647E9D9C-D883-4BF7-870C-9A61C182BE08}.Release|x86.Build.0 = Release|Any CPU
		{647E9D9C-D883-4BF7-870C-9A61C182BE08}.StoreDebug|Any CPU.ActiveCfg = Debug|Any CPU
		{647E9D9C-D883-4BF7-870C-9A61C182BE08}.StoreDebug|ARM.ActiveCfg = Debug|Any CPU
		{647E9D9C-D883-4BF7-870C-9A61C182BE08}.StoreDebug|ARM.Build.0 = Debug|Any CPU
		{647E9D9C-D883-4BF7-870C-9A61C182BE08}.StoreDebug|ARM64.ActiveCfg = Debug|Any CPU
		{647E9D9C-D883-4BF7-870C-9A61C182BE08}.StoreDebug|ARM64.Build.0 = Debug|Any CPU
		{647E9D9C-D883-4BF7-870C-9A61C182BE08}.StoreDebug|x64.ActiveCfg = Debug|Any CPU
		{647E9D9C-D883-4BF7-870C-9A61C182BE08}.StoreDebug|x64.Build.0 = Debug|Any CPU
		{647E9D9C-D883-4BF7-870C-9A61C182BE08}.StoreDebug|x86.ActiveCfg = Debug|Any CPU
		{647E9D9C-D883-4BF7-870C-9A61C182BE08}.StoreDebug|x86.Build.0 = Debug|Any CPU
		{647E9D9C-D883-4BF7-870C-9A61C182BE08}.StoreRelease|Any CPU.ActiveCfg = Release|Any CPU
		{647E9D9C-D883-4BF7-870C-9A61C182BE08}.StoreRelease|ARM.ActiveCfg = Release|Any CPU
		{647E9D9C-D883-4BF7-870C-9A61C182BE08}.StoreRelease|ARM.Build.0 = Release|Any CPU
		{647E9D9C-D883-4BF7-870C-9A61C182BE08}.StoreRelease|ARM64.ActiveCfg = Release|Any CPU
		{647E9D9C-D883-4BF7-870C-9A61C182BE08}.StoreRelease|ARM64.Build.0 = Release|Any CPU
		{647E9D9C-D883-4BF7-870C-9A61C182BE08}.StoreRelease|x64.ActiveCfg = Release|Any CPU
		{647E9D9C-D883-4BF7-870C-9A61C182BE08}.StoreRelease|x64.Build.0 = Release|Any CPU
		{647E9D9C-D883-4BF7-870C-9A61C182BE08}.StoreRelease|x86.ActiveCfg = Release|Any CPU
		{647E9D9C-D883-4BF7-870C-9A61C182BE08}.StoreRelease|x86.Build.0 = Release|Any CPU
		{BD2E9906-9FDA-4BD9-B1CD-FAD57ED6CB70}.Debug|Any CPU.ActiveCfg = Debug|Any CPU
		{BD2E9906-9FDA-4BD9-B1CD-FAD57ED6CB70}.Debug|Any CPU.Build.0 = Debug|Any CPU
		{BD2E9906-9FDA-4BD9-B1CD-FAD57ED6CB70}.Debug|ARM.ActiveCfg = Debug|Any CPU
		{BD2E9906-9FDA-4BD9-B1CD-FAD57ED6CB70}.Debug|ARM.Build.0 = Debug|Any CPU
		{BD2E9906-9FDA-4BD9-B1CD-FAD57ED6CB70}.Debug|ARM64.ActiveCfg = Debug|Any CPU
		{BD2E9906-9FDA-4BD9-B1CD-FAD57ED6CB70}.Debug|ARM64.Build.0 = Debug|Any CPU
		{BD2E9906-9FDA-4BD9-B1CD-FAD57ED6CB70}.Debug|x64.ActiveCfg = Debug|Any CPU
		{BD2E9906-9FDA-4BD9-B1CD-FAD57ED6CB70}.Debug|x64.Build.0 = Debug|Any CPU
		{BD2E9906-9FDA-4BD9-B1CD-FAD57ED6CB70}.Debug|x86.ActiveCfg = Debug|Any CPU
		{BD2E9906-9FDA-4BD9-B1CD-FAD57ED6CB70}.Debug|x86.Build.0 = Debug|Any CPU
		{BD2E9906-9FDA-4BD9-B1CD-FAD57ED6CB70}.Release|Any CPU.ActiveCfg = Release|Any CPU
		{BD2E9906-9FDA-4BD9-B1CD-FAD57ED6CB70}.Release|Any CPU.Build.0 = Release|Any CPU
		{BD2E9906-9FDA-4BD9-B1CD-FAD57ED6CB70}.Release|ARM.ActiveCfg = Release|Any CPU
		{BD2E9906-9FDA-4BD9-B1CD-FAD57ED6CB70}.Release|ARM.Build.0 = Release|Any CPU
		{BD2E9906-9FDA-4BD9-B1CD-FAD57ED6CB70}.Release|ARM64.ActiveCfg = Release|Any CPU
		{BD2E9906-9FDA-4BD9-B1CD-FAD57ED6CB70}.Release|ARM64.Build.0 = Release|Any CPU
		{BD2E9906-9FDA-4BD9-B1CD-FAD57ED6CB70}.Release|x64.ActiveCfg = Release|Any CPU
		{BD2E9906-9FDA-4BD9-B1CD-FAD57ED6CB70}.Release|x64.Build.0 = Release|Any CPU
		{BD2E9906-9FDA-4BD9-B1CD-FAD57ED6CB70}.Release|x86.ActiveCfg = Release|Any CPU
		{BD2E9906-9FDA-4BD9-B1CD-FAD57ED6CB70}.Release|x86.Build.0 = Release|Any CPU
		{BD2E9906-9FDA-4BD9-B1CD-FAD57ED6CB70}.StoreDebug|Any CPU.ActiveCfg = Debug|Any CPU
		{BD2E9906-9FDA-4BD9-B1CD-FAD57ED6CB70}.StoreDebug|Any CPU.Build.0 = Debug|Any CPU
		{BD2E9906-9FDA-4BD9-B1CD-FAD57ED6CB70}.StoreDebug|ARM.ActiveCfg = Debug|Any CPU
		{BD2E9906-9FDA-4BD9-B1CD-FAD57ED6CB70}.StoreDebug|ARM.Build.0 = Debug|Any CPU
		{BD2E9906-9FDA-4BD9-B1CD-FAD57ED6CB70}.StoreDebug|ARM64.ActiveCfg = Debug|Any CPU
		{BD2E9906-9FDA-4BD9-B1CD-FAD57ED6CB70}.StoreDebug|ARM64.Build.0 = Debug|Any CPU
		{BD2E9906-9FDA-4BD9-B1CD-FAD57ED6CB70}.StoreDebug|x64.ActiveCfg = Debug|Any CPU
		{BD2E9906-9FDA-4BD9-B1CD-FAD57ED6CB70}.StoreDebug|x64.Build.0 = Debug|Any CPU
		{BD2E9906-9FDA-4BD9-B1CD-FAD57ED6CB70}.StoreDebug|x86.ActiveCfg = Debug|Any CPU
		{BD2E9906-9FDA-4BD9-B1CD-FAD57ED6CB70}.StoreDebug|x86.Build.0 = Debug|Any CPU
		{BD2E9906-9FDA-4BD9-B1CD-FAD57ED6CB70}.StoreRelease|Any CPU.ActiveCfg = Release|Any CPU
		{BD2E9906-9FDA-4BD9-B1CD-FAD57ED6CB70}.StoreRelease|Any CPU.Build.0 = Release|Any CPU
		{BD2E9906-9FDA-4BD9-B1CD-FAD57ED6CB70}.StoreRelease|ARM.ActiveCfg = Release|Any CPU
		{BD2E9906-9FDA-4BD9-B1CD-FAD57ED6CB70}.StoreRelease|ARM.Build.0 = Release|Any CPU
		{BD2E9906-9FDA-4BD9-B1CD-FAD57ED6CB70}.StoreRelease|ARM64.ActiveCfg = Release|Any CPU
		{BD2E9906-9FDA-4BD9-B1CD-FAD57ED6CB70}.StoreRelease|ARM64.Build.0 = Release|Any CPU
		{BD2E9906-9FDA-4BD9-B1CD-FAD57ED6CB70}.StoreRelease|x64.ActiveCfg = Release|Any CPU
		{BD2E9906-9FDA-4BD9-B1CD-FAD57ED6CB70}.StoreRelease|x64.Build.0 = Release|Any CPU
		{BD2E9906-9FDA-4BD9-B1CD-FAD57ED6CB70}.StoreRelease|x86.ActiveCfg = Release|Any CPU
		{BD2E9906-9FDA-4BD9-B1CD-FAD57ED6CB70}.StoreRelease|x86.Build.0 = Release|Any CPU
		{D50C87E7-EC1E-4968-899C-26A5543AE4CB}.Debug|Any CPU.ActiveCfg = Debug|Any CPU
		{D50C87E7-EC1E-4968-899C-26A5543AE4CB}.Debug|Any CPU.Build.0 = Debug|Any CPU
		{D50C87E7-EC1E-4968-899C-26A5543AE4CB}.Debug|ARM.ActiveCfg = Debug|Any CPU
		{D50C87E7-EC1E-4968-899C-26A5543AE4CB}.Debug|ARM.Build.0 = Debug|Any CPU
		{D50C87E7-EC1E-4968-899C-26A5543AE4CB}.Debug|ARM64.ActiveCfg = Debug|Any CPU
		{D50C87E7-EC1E-4968-899C-26A5543AE4CB}.Debug|ARM64.Build.0 = Debug|Any CPU
		{D50C87E7-EC1E-4968-899C-26A5543AE4CB}.Debug|x64.ActiveCfg = Debug|Any CPU
		{D50C87E7-EC1E-4968-899C-26A5543AE4CB}.Debug|x64.Build.0 = Debug|Any CPU
		{D50C87E7-EC1E-4968-899C-26A5543AE4CB}.Debug|x86.ActiveCfg = Debug|Any CPU
		{D50C87E7-EC1E-4968-899C-26A5543AE4CB}.Debug|x86.Build.0 = Debug|Any CPU
		{D50C87E7-EC1E-4968-899C-26A5543AE4CB}.Release|Any CPU.ActiveCfg = Release|Any CPU
		{D50C87E7-EC1E-4968-899C-26A5543AE4CB}.Release|Any CPU.Build.0 = Release|Any CPU
		{D50C87E7-EC1E-4968-899C-26A5543AE4CB}.Release|ARM.ActiveCfg = Release|Any CPU
		{D50C87E7-EC1E-4968-899C-26A5543AE4CB}.Release|ARM.Build.0 = Release|Any CPU
		{D50C87E7-EC1E-4968-899C-26A5543AE4CB}.Release|ARM64.ActiveCfg = Release|Any CPU
		{D50C87E7-EC1E-4968-899C-26A5543AE4CB}.Release|ARM64.Build.0 = Release|Any CPU
		{D50C87E7-EC1E-4968-899C-26A5543AE4CB}.Release|x64.ActiveCfg = Release|Any CPU
		{D50C87E7-EC1E-4968-899C-26A5543AE4CB}.Release|x64.Build.0 = Release|Any CPU
		{D50C87E7-EC1E-4968-899C-26A5543AE4CB}.Release|x86.ActiveCfg = Release|Any CPU
		{D50C87E7-EC1E-4968-899C-26A5543AE4CB}.Release|x86.Build.0 = Release|Any CPU
		{D50C87E7-EC1E-4968-899C-26A5543AE4CB}.StoreDebug|Any CPU.ActiveCfg = Debug|Any CPU
		{D50C87E7-EC1E-4968-899C-26A5543AE4CB}.StoreDebug|Any CPU.Build.0 = Debug|Any CPU
		{D50C87E7-EC1E-4968-899C-26A5543AE4CB}.StoreDebug|ARM.ActiveCfg = Debug|Any CPU
		{D50C87E7-EC1E-4968-899C-26A5543AE4CB}.StoreDebug|ARM.Build.0 = Debug|Any CPU
		{D50C87E7-EC1E-4968-899C-26A5543AE4CB}.StoreDebug|ARM64.ActiveCfg = Debug|Any CPU
		{D50C87E7-EC1E-4968-899C-26A5543AE4CB}.StoreDebug|ARM64.Build.0 = Debug|Any CPU
		{D50C87E7-EC1E-4968-899C-26A5543AE4CB}.StoreDebug|x64.ActiveCfg = Debug|Any CPU
		{D50C87E7-EC1E-4968-899C-26A5543AE4CB}.StoreDebug|x64.Build.0 = Debug|Any CPU
		{D50C87E7-EC1E-4968-899C-26A5543AE4CB}.StoreDebug|x86.ActiveCfg = Debug|Any CPU
		{D50C87E7-EC1E-4968-899C-26A5543AE4CB}.StoreDebug|x86.Build.0 = Debug|Any CPU
		{D50C87E7-EC1E-4968-899C-26A5543AE4CB}.StoreRelease|Any CPU.ActiveCfg = Release|Any CPU
		{D50C87E7-EC1E-4968-899C-26A5543AE4CB}.StoreRelease|Any CPU.Build.0 = Release|Any CPU
		{D50C87E7-EC1E-4968-899C-26A5543AE4CB}.StoreRelease|ARM.ActiveCfg = Release|Any CPU
		{D50C87E7-EC1E-4968-899C-26A5543AE4CB}.StoreRelease|ARM.Build.0 = Release|Any CPU
		{D50C87E7-EC1E-4968-899C-26A5543AE4CB}.StoreRelease|ARM64.ActiveCfg = Release|Any CPU
		{D50C87E7-EC1E-4968-899C-26A5543AE4CB}.StoreRelease|ARM64.Build.0 = Release|Any CPU
		{D50C87E7-EC1E-4968-899C-26A5543AE4CB}.StoreRelease|x64.ActiveCfg = Release|Any CPU
		{D50C87E7-EC1E-4968-899C-26A5543AE4CB}.StoreRelease|x64.Build.0 = Release|Any CPU
		{D50C87E7-EC1E-4968-899C-26A5543AE4CB}.StoreRelease|x86.ActiveCfg = Release|Any CPU
		{D50C87E7-EC1E-4968-899C-26A5543AE4CB}.StoreRelease|x86.Build.0 = Release|Any CPU
		{0CF000C2-D65D-4CB2-84FC-3687FC3A990B}.Debug|Any CPU.ActiveCfg = Debug|Any CPU
		{0CF000C2-D65D-4CB2-84FC-3687FC3A990B}.Debug|Any CPU.Build.0 = Debug|Any CPU
		{0CF000C2-D65D-4CB2-84FC-3687FC3A990B}.Debug|ARM.ActiveCfg = Debug|Any CPU
		{0CF000C2-D65D-4CB2-84FC-3687FC3A990B}.Debug|ARM.Build.0 = Debug|Any CPU
		{0CF000C2-D65D-4CB2-84FC-3687FC3A990B}.Debug|ARM64.ActiveCfg = Debug|Any CPU
		{0CF000C2-D65D-4CB2-84FC-3687FC3A990B}.Debug|ARM64.Build.0 = Debug|Any CPU
		{0CF000C2-D65D-4CB2-84FC-3687FC3A990B}.Debug|x64.ActiveCfg = Debug|Any CPU
		{0CF000C2-D65D-4CB2-84FC-3687FC3A990B}.Debug|x64.Build.0 = Debug|Any CPU
		{0CF000C2-D65D-4CB2-84FC-3687FC3A990B}.Debug|x86.ActiveCfg = Debug|Any CPU
		{0CF000C2-D65D-4CB2-84FC-3687FC3A990B}.Debug|x86.Build.0 = Debug|Any CPU
		{0CF000C2-D65D-4CB2-84FC-3687FC3A990B}.Release|Any CPU.ActiveCfg = Release|Any CPU
		{0CF000C2-D65D-4CB2-84FC-3687FC3A990B}.Release|Any CPU.Build.0 = Release|Any CPU
		{0CF000C2-D65D-4CB2-84FC-3687FC3A990B}.Release|ARM.ActiveCfg = Release|Any CPU
		{0CF000C2-D65D-4CB2-84FC-3687FC3A990B}.Release|ARM.Build.0 = Release|Any CPU
		{0CF000C2-D65D-4CB2-84FC-3687FC3A990B}.Release|ARM64.ActiveCfg = Release|Any CPU
		{0CF000C2-D65D-4CB2-84FC-3687FC3A990B}.Release|ARM64.Build.0 = Release|Any CPU
		{0CF000C2-D65D-4CB2-84FC-3687FC3A990B}.Release|x64.ActiveCfg = Release|Any CPU
		{0CF000C2-D65D-4CB2-84FC-3687FC3A990B}.Release|x64.Build.0 = Release|Any CPU
		{0CF000C2-D65D-4CB2-84FC-3687FC3A990B}.Release|x86.ActiveCfg = Release|Any CPU
		{0CF000C2-D65D-4CB2-84FC-3687FC3A990B}.Release|x86.Build.0 = Release|Any CPU
		{0CF000C2-D65D-4CB2-84FC-3687FC3A990B}.StoreDebug|Any CPU.ActiveCfg = Debug|Any CPU
		{0CF000C2-D65D-4CB2-84FC-3687FC3A990B}.StoreDebug|Any CPU.Build.0 = Debug|Any CPU
		{0CF000C2-D65D-4CB2-84FC-3687FC3A990B}.StoreDebug|ARM.ActiveCfg = Debug|Any CPU
		{0CF000C2-D65D-4CB2-84FC-3687FC3A990B}.StoreDebug|ARM.Build.0 = Debug|Any CPU
		{0CF000C2-D65D-4CB2-84FC-3687FC3A990B}.StoreDebug|ARM64.ActiveCfg = Debug|Any CPU
		{0CF000C2-D65D-4CB2-84FC-3687FC3A990B}.StoreDebug|ARM64.Build.0 = Debug|Any CPU
		{0CF000C2-D65D-4CB2-84FC-3687FC3A990B}.StoreDebug|x64.ActiveCfg = Debug|Any CPU
		{0CF000C2-D65D-4CB2-84FC-3687FC3A990B}.StoreDebug|x64.Build.0 = Debug|Any CPU
		{0CF000C2-D65D-4CB2-84FC-3687FC3A990B}.StoreDebug|x86.ActiveCfg = Debug|Any CPU
		{0CF000C2-D65D-4CB2-84FC-3687FC3A990B}.StoreDebug|x86.Build.0 = Debug|Any CPU
		{0CF000C2-D65D-4CB2-84FC-3687FC3A990B}.StoreRelease|Any CPU.ActiveCfg = Release|Any CPU
		{0CF000C2-D65D-4CB2-84FC-3687FC3A990B}.StoreRelease|Any CPU.Build.0 = Release|Any CPU
		{0CF000C2-D65D-4CB2-84FC-3687FC3A990B}.StoreRelease|ARM.ActiveCfg = Release|Any CPU
		{0CF000C2-D65D-4CB2-84FC-3687FC3A990B}.StoreRelease|ARM.Build.0 = Release|Any CPU
		{0CF000C2-D65D-4CB2-84FC-3687FC3A990B}.StoreRelease|ARM64.ActiveCfg = Release|Any CPU
		{0CF000C2-D65D-4CB2-84FC-3687FC3A990B}.StoreRelease|ARM64.Build.0 = Release|Any CPU
		{0CF000C2-D65D-4CB2-84FC-3687FC3A990B}.StoreRelease|x64.ActiveCfg = Release|Any CPU
		{0CF000C2-D65D-4CB2-84FC-3687FC3A990B}.StoreRelease|x64.Build.0 = Release|Any CPU
		{0CF000C2-D65D-4CB2-84FC-3687FC3A990B}.StoreRelease|x86.ActiveCfg = Release|Any CPU
		{0CF000C2-D65D-4CB2-84FC-3687FC3A990B}.StoreRelease|x86.Build.0 = Release|Any CPU
	EndGlobalSection
	GlobalSection(SolutionProperties) = preSolution
		HideSolutionNode = FALSE
	EndGlobalSection
	GlobalSection(NestedProjects) = preSolution
		{D50C87E7-EC1E-4968-899C-26A5543AE4CB} = {55E9247C-A0FD-44DC-A7C4-E1AFF04A3F49}
		{0CF000C2-D65D-4CB2-84FC-3687FC3A990B} = {55E9247C-A0FD-44DC-A7C4-E1AFF04A3F49}
	EndGlobalSection
	GlobalSection(ExtensibilityGlobals) = postSolution
		SolutionGuid = {8E34700A-4573-46B7-9752-FEA8D0C12572}
	EndGlobalSection
EndGlobal
